{
  "name": "malicious-packages-test-repo",
  "version": "1.0.0",
  "lockfileVersion": 3,
  "requires": true,
  "packages": {
    "": {
      "name": "malicious-packages-test-repo",
      "version": "1.0.0",
      "license": "UNLICENSED",
      "dependencies": {
        "clickpy": "1.0.1",
        "asavie-ui": "99.0.2",
        "@newline53/newline-ts-sdk": "1.0.1",
        "secdriven": "1.0.8",
        "dds-js-idl": "1.0.0",
        "harmony-enablers-test-2026": "1.0.0",
        "lodash": "4.17.21",
        "express": "4.18.2"
      }
    },
    "node_modules/clickpy": {
      "version": "1.0.1",
      "resolved": "https://registry.npmjs.org/clickpy/-/clickpy-1.0.1.tgz",
      "integrity": "sha512-aaaaaaaaaaaaaaaaaaaaaaaaaaaaaaaaaaaaaaaaaaaaaaaaaaaaaaaaaaaaaaaaaaaaaaaaaaaaaaaaaaaaaaaaaaaaaaaaaaaaaaaaaaaaaaaaaaaaaaaaaaaaaaaa=="
    },
    "node_modules/asavie-ui": {
      "version": "99.0.2",
      "resolved": "https://registry.npmjs.org/asavie-ui/-/asavie-ui-99.0.2.tgz",
      "integrity": "sha512-aaaaaaaaaaaaaaaaaaaaaaaaaaaaaaaaaaaaaaaaaaaaaaaaaaaaaaaaaaaaaaaaaaaaaaaaaaaaaaaaaaaaaaaaaaaaaaaaaaaaaaaaaaaaaaaaaaaaaaaaaaaaaaaa=="
    },
    "node_modules/@newline53/newline-ts-sdk": {
      "version": "1.0.1",
      "resolved": "https://registry.npmjs.org/@newline53/newline-ts-sdk/-/newline-ts-sdk-1.0.1.tgz",
      "integrity": "sha512-aaaaaaaaaaaaaaaaaaaaaaaaaaaaaaaaaaaaaaaaaaaaaaaaaaaaaaaaaaaaaaaaaaaaaaaaaaaaaaaaaaaaaaaaaaaaaaaaaaaaaaaaaaaaaaaaaaaaaaaaaaaaaaaa=="
    },
    "node_modules/secdriven": {
      "version": "1.0.8",
      "resolved": "https://registry.npmjs.org/secdriven/-/secdriven-1.0.8.tgz",
      "integrity": "sha512-aaaaaaaaaaaaaaaaaaaaaaaaaaaaaaaaaaaaaaaaaaaaaaaaaaaaaaaaaaaaaaaaaaaaaaaaaaaaaaaaaaaaaaaaaaaaaaaaaaaaaaaaaaaaaaaaaaaaaaaaaaaaaaaa=="
    },
    "node_modules/dds-js-idl": {
      "version": "1.0.0",
      "resolved": "https://registry.npmjs.org/dds-js-idl/-/dds-js-idl-1.0.0.tgz",
      "integrity": "sha512-aaaaaaaaaaaaaaaaaaaaaaaaaaaaaaaaaaaaaaaaaaaaaaaaaaaaaaaaaaaaaaaaaaaaaaaaaaaaaaaaaaaaaaaaaaaaaaaaaaaaaaaaaaaaaaaaaaaaaaaaaaaaaaaa=="
    },
    "node_modules/harmony-enablers-test-2026": {
      "version": "1.0.0",
      "resolved": "https://registry.npmjs.org/harmony-enablers-test-2026/-/harmony-enablers-test-2026-1.0.0.tgz",
      "integrity": "sha512-aaaaaaaaaaaaaaaaaaaaaaaaaaaaaaaaaaaaaaaaaaaaaaaaaaaaaaaaaaaaaaaaaaaaaaaaaaaaaaaaaaaaaaaaaaaaaaaaaaaaaaaaaaaaaaaaaaaaaaaaaaaaaaaa=="
    },
    "node_modules/lodash": {
      "version": "4.17.21",
      "resolved": "https://registry.npmjs.org/lodash/-/lodash-4.17.21.tgz",
      "integrity": "sha512-v2kDEe57lecTulaDIuNTPy3Ry4gLGJ6Z1O3vE1krgXZNrsQ+LFTGHVxVjcXPs17LhbZVGedAJv8XZ1tvj5FvSg=="
    },
    "node_modules/express": {
      "version": "4.18.2",
      "resolved": "https://registry.npmjs.org/express/-/express-4.18.2.tgz",
      "integrity": "sha512-5/PsL6iGPdfQ/lKM1UuielYgv3BUoJfz1aUwU9vHZ+J7gyvwdQXFEBIEIaxeGf0GIcreATNyBExtalisDbuMqQ=="
    }
  }
}
