{
  "name": "malicious-packages-test-repo-transitive",
  "version": "1.0.0",
  "lockfileVersion": 3,
  "requires": true,
  "packages": {
    "": {
      "name": "malicious-packages-test-repo-transitive",
      "version": "1.0.0",
      "license": "UNLICENSED",
      "dependencies": {
        "mal-wrapper-a": "1.0.0",
        "mal-wrapper-b": "1.0.0",
        "secdriven": "1.0.8",
        "lodash": "4.17.21"
      }
    },
    "node_modules/mal-wrapper-a": {
      "version": "1.0.0",
      "resolved": "https://registry.npmjs.org/mal-wrapper-a/-/mal-wrapper-a-1.0.0.tgz",
      "integrity": "sha512-aaaaaaaaaaaaaaaaaaaaaaaaaaaaaaaaaaaaaaaaaaaaaaaaaaaaaaaaaaaaaaaaaaaaaaaaaaaaaaaaaaaaaaaaaaaaaaaaaaaaaaaaaaaaaaaaaaaaaaaaaaaaaaaa==",
      "dependencies": {
        "clickpy": "1.0.1"
      }
    },
    "node_modules/mal-wrapper-b": {
      "version": "1.0.0",
      "resolved": "https://registry.npmjs.org/mal-wrapper-b/-/mal-wrapper-b-1.0.0.tgz",
      "integrity": "sha512-aaaaaaaaaaaaaaaaaaaaaaaaaaaaaaaaaaaaaaaaaaaaaaaaaaaaaaaaaaaaaaaaaaaaaaaaaaaaaaaaaaaaaaaaaaaaaaaaaaaaaaaaaaaaaaaaaaaaaaaaaaaaaaaa==",
      "dependencies": {
        "clickpy": "1.0.1"
      }
    },
    "node_modules/clickpy": {
      "version": "1.0.1",
      "resolved": "https://registry.npmjs.org/clickpy/-/clickpy-1.0.1.tgz",
      "integrity": "sha512-aaaaaaaaaaaaaaaaaaaaaaaaaaaaaaaaaaaaaaaaaaaaaaaaaaaaaaaaaaaaaaaaaaaaaaaaaaaaaaaaaaaaaaaaaaaaaaaaaaaaaaaaaaaaaaaaaaaaaaaaaaaaaaaa=="
    },
    "node_modules/secdriven": {
      "version": "1.0.8",
      "resolved": "https://registry.npmjs.org/secdriven/-/secdriven-1.0.8.tgz",
      "integrity": "sha512-aaaaaaaaaaaaaaaaaaaaaaaaaaaaaaaaaaaaaaaaaaaaaaaaaaaaaaaaaaaaaaaaaaaaaaaaaaaaaaaaaaaaaaaaaaaaaaaaaaaaaaaaaaaaaaaaaaaaaaaaaaaaaaaa=="
    },
    "node_modules/lodash": {
      "version": "4.17.21",
      "resolved": "https://registry.npmjs.org/lodash/-/lodash-4.17.21.tgz",
      "integrity": "sha512-v2kDEe57lecTulaDIuNTPy3Ry4gLGJ6Z1O3vE1krgXZNrsQ+LFTGHVxVjcXPs17LhbZVGedAJv8XZ1tvj5FvSg=="
    }
  }
}
